
Microsoft Visual Studio Solution File, Format Version 12.00
# Visual Studio Version 16
VisualStudioVersion = 16.0.29111.141
MinimumVisualStudioVersion = 10.0.40219.1
Project("{9A19103F-16F7-4668-BE54-9A1E7A4F7556}") = "Botyara.Core", "Botyara.Core\Botyara.Core.csproj", "{9901C14C-3030-4828-8BB9-111624CA84C0}"
EndProject
Project("{9A19103F-16F7-4668-BE54-9A1E7A4F7556}") = "Botyara.Console", "Botyara.Console\Botyara.Console.csproj", "{12343045-4F3A-4ECF-A580-FFC2682416A5}"
EndProject
Project("{9A19103F-16F7-4668-BE54-9A1E7A4F7556}") = "Botyara.SfuApi", "Botyara.SfuApi\Botyara.SfuApi.csproj", "{3599748F-C15F-4E4A-9D54-3239A9BB59DE}"
EndProject
Project("{9A19103F-16F7-4668-BE54-9A1E7A4F7556}") = "Botyara.Core.Tests", "Botyara.Core.Tests\Botyara.Core.Tests.csproj", "{DC22752A-6615-4377-B55B-3F69601D2FEC}"
EndProject
Project("{9A19103F-16F7-4668-BE54-9A1E7A4F7556}") = "Botyara.CallbackApi", "Botyara.CallbackApi\Botyara.CallbackApi.csproj", "{EE659F87-FE54-453A-9E77-8265C2501441}"
EndProject
Global
	GlobalSection(SolutionConfigurationPlatforms) = preSolution
		Debug|Any CPU = Debug|Any CPU
		Release|Any CPU = Release|Any CPU
	EndGlobalSection
	GlobalSection(ProjectConfigurationPlatforms) = postSolution
		{9901C14C-3030-4828-8BB9-111624CA84C0}.Debug|Any CPU.ActiveCfg = Debug|Any CPU
		{9901C14C-3030-4828-8BB9-111624CA84C0}.Debug|Any CPU.Build.0 = Debug|Any CPU
		{9901C14C-3030-4828-8BB9-111624CA84C0}.Release|Any CPU.ActiveCfg = Release|Any CPU
		{9901C14C-3030-4828-8BB9-111624CA84C0}.Release|Any CPU.Build.0 = Release|Any CPU
		{12343045-4F3A-4ECF-A580-FFC2682416A5}.Debug|Any CPU.ActiveCfg = Debug|Any CPU
		{12343045-4F3A-4ECF-A580-FFC2682416A5}.Debug|Any CPU.Build.0 = Debug|Any CPU
		{12343045-4F3A-4ECF-A580-FFC2682416A5}.Release|Any CPU.ActiveCfg = Release|Any CPU
		{12343045-4F3A-4ECF-A580-FFC2682416A5}.Release|Any CPU.Build.0 = Release|Any CPU
		{3599748F-C15F-4E4A-9D54-3239A9BB59DE}.Debug|Any CPU.ActiveCfg = Debug|Any CPU
		{3599748F-C15F-4E4A-9D54-3239A9BB59DE}.Debug|Any CPU.Build.0 = Debug|Any CPU
		{3599748F-C15F-4E4A-9D54-3239A9BB59DE}.Release|Any CPU.ActiveCfg = Release|Any CPU
		{3599748F-C15F-4E4A-9D54-3239A9BB59DE}.Release|Any CPU.Build.0 = Release|Any CPU
		{DC22752A-6615-4377-B55B-3F69601D2FEC}.Debug|Any CPU.ActiveCfg = Debug|Any CPU
		{DC22752A-6615-4377-B55B-3F69601D2FEC}.Debug|Any CPU.Build.0 = Debug|Any CPU
		{DC22752A-6615-4377-B55B-3F69601D2FEC}.Release|Any CPU.ActiveCfg = Release|Any CPU
		{DC22752A-6615-4377-B55B-3F69601D2FEC}.Release|Any CPU.Build.0 = Release|Any CPU
		{EE659F87-FE54-453A-9E77-8265C2501441}.Debug|Any CPU.ActiveCfg = Debug|Any CPU
		{EE659F87-FE54-453A-9E77-8265C2501441}.Debug|Any CPU.Build.0 = Debug|Any CPU
		{EE659F87-FE54-453A-9E77-8265C2501441}.Release|Any CPU.ActiveCfg = Release|Any CPU
		{EE659F87-FE54-453A-9E77-8265C2501441}.Release|Any CPU.Build.0 = Release|Any CPU
	EndGlobalSection
	GlobalSection(SolutionProperties) = preSolution
		HideSolutionNode = FALSE
	EndGlobalSection
	GlobalSection(ExtensibilityGlobals) = postSolution
		SolutionGuid = {A518AC07-FAB2-4C46-9647-B16FB9417BD6}
	EndGlobalSection
EndGlobal
